
Microsoft Visual Studio Solution File, Format Version 12.00
# Visual Studio 14
VisualStudioVersion = 14.0.25420.1
MinimumVisualStudioVersion = 10.0.40219.1
Project("{FAE04EC0-301F-11D3-BF4B-00C04F79EFBC}") = "ElysiaBattleshipsWebAPI", "ElysiaBattleshipsWebAPI\ElysiaBattleshipsWebAPI.csproj", "{8D45E526-B55F-4785-960C-F86C23CB0B98}"
EndProject
Project("{FAE04EC0-301F-11D3-BF4B-00C04F79EFBC}") = "ElysiaBattleshipsWebAPI.Tests", "ElysiaBattleshipsWebAPI.Tests\ElysiaBattleshipsWebAPI.Tests.csproj", "{2ABA4D84-CF18-4615-AA00-03DDE9125BF2}"
EndProject
Global
	GlobalSection(SolutionConfigurationPlatforms) = preSolution
		Debug|Any CPU = Debug|Any CPU
		Release|Any CPU = Release|Any CPU
	EndGlobalSection
	GlobalSection(ProjectConfigurationPlatforms) = postSolution
		{8D45E526-B55F-4785-960C-F86C23CB0B98}.Debug|Any CPU.ActiveCfg = Debug|Any CPU
		{8D45E526-B55F-4785-960C-F86C23CB0B98}.Debug|Any CPU.Build.0 = Debug|Any CPU
		{8D45E526-B55F-4785-960C-F86C23CB0B98}.Release|Any CPU.ActiveCfg = Release|Any CPU
		{8D45E526-B55F-4785-960C-F86C23CB0B98}.Release|Any CPU.Build.0 = Release|Any CPU
		{2ABA4D84-CF18-4615-AA00-03DDE9125BF2}.Debug|Any CPU.ActiveCfg = Debug|Any CPU
		{2ABA4D84-CF18-4615-AA00-03DDE9125BF2}.Debug|Any CPU.Build.0 = Debug|Any CPU
		{2ABA4D84-CF18-4615-AA00-03DDE9125BF2}.Release|Any CPU.ActiveCfg = Release|Any CPU
		{2ABA4D84-CF18-4615-AA00-03DDE9125BF2}.Release|Any CPU.Build.0 = Release|Any CPU
	EndGlobalSection
	GlobalSection(SolutionProperties) = preSolution
		HideSolutionNode = FALSE
	EndGlobalSection
EndGlobal
